
Microsoft Visual Studio Solution File, Format Version 12.00
# Visual Studio Version 17
VisualStudioVersion = 17.7.34221.43
MinimumVisualStudioVersion = 10.0.40219.1
Project("{FAE04EC0-301F-11D3-BF4B-00C04F79EFBC}") = "FeatureManagementExperiment", "FeatureManagementExperiment\FeatureManagementExperiment.csproj", "{89141601-632A-4495-9771-DD5ED0505536}"
EndProject
Global
	GlobalSection(SolutionConfigurationPlatforms) = preSolution
		Debug|Any CPU = Debug|Any CPU
		Release|Any CPU = Release|Any CPU
	EndGlobalSection
	GlobalSection(ProjectConfigurationPlatforms) = postSolution
		{89141601-632A-4495-9771-DD5ED0505536}.Debug|Any CPU.ActiveCfg = Debug|Any CPU
		{89141601-632A-4495-9771-DD5ED0505536}.Debug|Any CPU.Build.0 = Debug|Any CPU
		{89141601-632A-4495-9771-DD5ED0505536}.Release|Any CPU.ActiveCfg = Release|Any CPU
		{89141601-632A-4495-9771-DD5ED0505536}.Release|Any CPU.Build.0 = Release|Any CPU
	EndGlobalSection
	GlobalSection(SolutionProperties) = preSolution
		HideSolutionNode = FALSE
	EndGlobalSection
	GlobalSection(ExtensibilityGlobals) = postSolution
		SolutionGuid = {55EDA046-09B0-4C10-ABE0-2A1DBC5E6A7B}
	EndGlobalSection
EndGlobal
